{
	"name": "api",
	"version": "1.0.0",
	"lockfileVersion": 1,
	"requires": true,
	"dependencies": {
		"flexsearch": {
			"version": "0.6.32",
			"resolved": "https://registry.npmjs.org/flexsearch/-/flexsearch-0.6.32.tgz",
			"integrity": "sha512-EF1BWkhwoeLtbIlDbY/vDSLBen/E5l/f1Vg7iX5CDymQCamcx1vhlc3tIZxIDplPjgi0jhG37c67idFbjg+v+Q=="
		},
		"fs": {
			"version": "0.0.1-security",
			"resolved": "https://registry.npmjs.org/fs/-/fs-0.0.1-security.tgz",
			"integrity": "sha1-invTcYa23d84E/I4WLV+yq9eQdQ="
		},
		"fuzzysort": {
			"version": "1.1.4",
			"resolved": "https://registry.npmjs.org/fuzzysort/-/fuzzysort-1.1.4.tgz",
			"integrity": "sha512-JzK/lHjVZ6joAg3OnCjylwYXYVjRiwTY6Yb25LvfpJHK8bjisfnZJ5bY8aVWwTwCXgxPNgLAtmHL+Hs5q1ddLQ=="
		}
	}
}
